
Microsoft Visual Studio Solution File, Format Version 12.00
# Visual Studio Version 17
VisualStudioVersion = 17.0.31903.59
MinimumVisualStudioVersion = 10.0.40219.1
Project("{FAE04EC0-301F-11D3-BF4B-00C04F79EFBC}") = "DynamicClassGeneration", "DynamicClassGeneration\DynamicClassGeneration.csproj", "{D86A35AB-C947-4138-9889-3909F580FE2A}"
EndProject
Project("{FAE04EC0-301F-11D3-BF4B-00C04F79EFBC}") = "SortingAlgorithms", "SortingAlgorithms\SortingAlgorithms.csproj", "{737F6033-A8B6-42FC-A761-6FF2EB745A00}"
EndProject
Project("{FAE04EC0-301F-11D3-BF4B-00C04F79EFBC}") = "ModelMapping", "ModelMapping\ModelMapping.csproj", "{FDD1CC7B-252F-4905-AB37-C6B89C9715E2}"
EndProject
Project("{FAE04EC0-301F-11D3-BF4B-00C04F79EFBC}") = "DataStructureOperations", "DataStructureOperations\DataStructureOperations.csproj", "{F2251C79-EEA2-4734-BBAD-3D712D2BADAB}"
EndProject
Project("{FAE04EC0-301F-11D3-BF4B-00C04F79EFBC}") = "CollectionOperations", "CollectionOperations\CollectionOperations.csproj", "{98B40323-7CE4-4D8B-A8BB-CC0294B20248}"
EndProject
Project("{FAE04EC0-301F-11D3-BF4B-00C04F79EFBC}") = "ListOperations", "ListOperations\ListOperations.csproj", "{E3EF8E2E-F27A-42E0-AA08-F84CDDC4849E}"
EndProject
Project("{FAE04EC0-301F-11D3-BF4B-00C04F79EFBC}") = "Common", "Common\Common.csproj", "{6659E5C7-FE81-46D0-9E64-645B51F912C5}"
EndProject
Project("{FAE04EC0-301F-11D3-BF4B-00C04F79EFBC}") = "JsonOperations", "JsonOperations\JsonOperations.csproj", "{8704E95C-2CBB-46F0-AAA9-37F4F0BDF339}"
EndProject
Project("{FAE04EC0-301F-11D3-BF4B-00C04F79EFBC}") = "UnmanagedTypesOperations", "UnmanagedTypesOperations\UnmanagedTypesOperations.csproj", "{1BDDAA06-6633-4B58-A228-27C319BBF8A9}"
EndProject
Project("{FAE04EC0-301F-11D3-BF4B-00C04F79EFBC}") = "GuardNullCheckerAttributes", "GuardNullCheckerAttributes\GuardNullCheckerAttributes.csproj", "{31B1D828-F628-4C1A-B7CF-D9AC42F21D58}"
EndProject
Project("{FAE04EC0-301F-11D3-BF4B-00C04F79EFBC}") = "StringOperations", "StringOperations\StringOperations.csproj", "{061EDF0B-6E03-44BE-8F4E-A7076E396F8D}"
EndProject
Project("{FAE04EC0-301F-11D3-BF4B-00C04F79EFBC}") = "ReflectionAOTAccessor", "ReflectionAOTAccessor\ReflectionAOTAccessor.csproj", "{3A607567-6B57-41D9-9A67-6EB913E3346B}"
EndProject
Global
	GlobalSection(SolutionConfigurationPlatforms) = preSolution
		Debug|Any CPU = Debug|Any CPU
		Release|Any CPU = Release|Any CPU
	EndGlobalSection
	GlobalSection(ProjectConfigurationPlatforms) = postSolution
		{D86A35AB-C947-4138-9889-3909F580FE2A}.Debug|Any CPU.ActiveCfg = Debug|Any CPU
		{D86A35AB-C947-4138-9889-3909F580FE2A}.Debug|Any CPU.Build.0 = Debug|Any CPU
		{D86A35AB-C947-4138-9889-3909F580FE2A}.Release|Any CPU.ActiveCfg = Release|Any CPU
		{D86A35AB-C947-4138-9889-3909F580FE2A}.Release|Any CPU.Build.0 = Release|Any CPU
		{737F6033-A8B6-42FC-A761-6FF2EB745A00}.Debug|Any CPU.ActiveCfg = Debug|Any CPU
		{737F6033-A8B6-42FC-A761-6FF2EB745A00}.Debug|Any CPU.Build.0 = Debug|Any CPU
		{737F6033-A8B6-42FC-A761-6FF2EB745A00}.Release|Any CPU.ActiveCfg = Release|Any CPU
		{737F6033-A8B6-42FC-A761-6FF2EB745A00}.Release|Any CPU.Build.0 = Release|Any CPU
		{FDD1CC7B-252F-4905-AB37-C6B89C9715E2}.Debug|Any CPU.ActiveCfg = Debug|Any CPU
		{FDD1CC7B-252F-4905-AB37-C6B89C9715E2}.Debug|Any CPU.Build.0 = Debug|Any CPU
		{FDD1CC7B-252F-4905-AB37-C6B89C9715E2}.Release|Any CPU.ActiveCfg = Release|Any CPU
		{FDD1CC7B-252F-4905-AB37-C6B89C9715E2}.Release|Any CPU.Build.0 = Release|Any CPU
		{F2251C79-EEA2-4734-BBAD-3D712D2BADAB}.Debug|Any CPU.ActiveCfg = Debug|Any CPU
		{F2251C79-EEA2-4734-BBAD-3D712D2BADAB}.Debug|Any CPU.Build.0 = Debug|Any CPU
		{F2251C79-EEA2-4734-BBAD-3D712D2BADAB}.Release|Any CPU.ActiveCfg = Release|Any CPU
		{F2251C79-EEA2-4734-BBAD-3D712D2BADAB}.Release|Any CPU.Build.0 = Release|Any CPU
		{98B40323-7CE4-4D8B-A8BB-CC0294B20248}.Debug|Any CPU.ActiveCfg = Debug|Any CPU
		{98B40323-7CE4-4D8B-A8BB-CC0294B20248}.Debug|Any CPU.Build.0 = Debug|Any CPU
		{98B40323-7CE4-4D8B-A8BB-CC0294B20248}.Release|Any CPU.ActiveCfg = Release|Any CPU
		{98B40323-7CE4-4D8B-A8BB-CC0294B20248}.Release|Any CPU.Build.0 = Release|Any CPU
		{E3EF8E2E-F27A-42E0-AA08-F84CDDC4849E}.Debug|Any CPU.ActiveCfg = Debug|Any CPU
		{E3EF8E2E-F27A-42E0-AA08-F84CDDC4849E}.Debug|Any CPU.Build.0 = Debug|Any CPU
		{E3EF8E2E-F27A-42E0-AA08-F84CDDC4849E}.Release|Any CPU.ActiveCfg = Release|Any CPU
		{E3EF8E2E-F27A-42E0-AA08-F84CDDC4849E}.Release|Any CPU.Build.0 = Release|Any CPU
		{6659E5C7-FE81-46D0-9E64-645B51F912C5}.Debug|Any CPU.ActiveCfg = Debug|Any CPU
		{6659E5C7-FE81-46D0-9E64-645B51F912C5}.Debug|Any CPU.Build.0 = Debug|Any CPU
		{6659E5C7-FE81-46D0-9E64-645B51F912C5}.Release|Any CPU.ActiveCfg = Release|Any CPU
		{6659E5C7-FE81-46D0-9E64-645B51F912C5}.Release|Any CPU.Build.0 = Release|Any CPU
		{8704E95C-2CBB-46F0-AAA9-37F4F0BDF339}.Debug|Any CPU.ActiveCfg = Debug|Any CPU
		{8704E95C-2CBB-46F0-AAA9-37F4F0BDF339}.Debug|Any CPU.Build.0 = Debug|Any CPU
		{8704E95C-2CBB-46F0-AAA9-37F4F0BDF339}.Release|Any CPU.ActiveCfg = Release|Any CPU
		{8704E95C-2CBB-46F0-AAA9-37F4F0BDF339}.Release|Any CPU.Build.0 = Release|Any CPU
		{1BDDAA06-6633-4B58-A228-27C319BBF8A9}.Debug|Any CPU.ActiveCfg = Debug|Any CPU
		{1BDDAA06-6633-4B58-A228-27C319BBF8A9}.Debug|Any CPU.Build.0 = Debug|Any CPU
		{1BDDAA06-6633-4B58-A228-27C319BBF8A9}.Release|Any CPU.ActiveCfg = Release|Any CPU
		{1BDDAA06-6633-4B58-A228-27C319BBF8A9}.Release|Any CPU.Build.0 = Release|Any CPU
		{31B1D828-F628-4C1A-B7CF-D9AC42F21D58}.Debug|Any CPU.ActiveCfg = Debug|Any CPU
		{31B1D828-F628-4C1A-B7CF-D9AC42F21D58}.Debug|Any CPU.Build.0 = Debug|Any CPU
		{31B1D828-F628-4C1A-B7CF-D9AC42F21D58}.Release|Any CPU.ActiveCfg = Release|Any CPU
		{31B1D828-F628-4C1A-B7CF-D9AC42F21D58}.Release|Any CPU.Build.0 = Release|Any CPU
		{061EDF0B-6E03-44BE-8F4E-A7076E396F8D}.Debug|Any CPU.ActiveCfg = Debug|Any CPU
		{061EDF0B-6E03-44BE-8F4E-A7076E396F8D}.Debug|Any CPU.Build.0 = Debug|Any CPU
		{061EDF0B-6E03-44BE-8F4E-A7076E396F8D}.Release|Any CPU.ActiveCfg = Release|Any CPU
		{061EDF0B-6E03-44BE-8F4E-A7076E396F8D}.Release|Any CPU.Build.0 = Release|Any CPU
		{3A607567-6B57-41D9-9A67-6EB913E3346B}.Debug|Any CPU.ActiveCfg = Debug|Any CPU
		{3A607567-6B57-41D9-9A67-6EB913E3346B}.Debug|Any CPU.Build.0 = Debug|Any CPU
		{3A607567-6B57-41D9-9A67-6EB913E3346B}.Release|Any CPU.ActiveCfg = Release|Any CPU
		{3A607567-6B57-41D9-9A67-6EB913E3346B}.Release|Any CPU.Build.0 = Release|Any CPU
	EndGlobalSection
	GlobalSection(SolutionProperties) = preSolution
		HideSolutionNode = FALSE
	EndGlobalSection
EndGlobal
