
Microsoft Visual Studio Solution File, Format Version 12.00
# Visual Studio Version 17
VisualStudioVersion = 17.0.31903.59
MinimumVisualStudioVersion = 10.0.40219.1
Project("{FAE04EC0-301F-11D3-BF4B-00C04F79EFBC}") = "DynamicClassGeneration", "DynamicClassGeneration\DynamicClassGeneration.csproj", "{D86A35AB-C947-4138-9889-3909F580FE2A}"
EndProject
Project("{FAE04EC0-301F-11D3-BF4B-00C04F79EFBC}") = "SortingAlgorithms", "SortingAlgorithms\SortingAlgorithms.csproj", "{737F6033-A8B6-42FC-A761-6FF2EB745A00}"
EndProject
Project("{FAE04EC0-301F-11D3-BF4B-00C04F79EFBC}") = "ModelMapping", "ModelMapping\ModelMapping.csproj", "{FDD1CC7B-252F-4905-AB37-C6B89C9715E2}"
EndProject
Project("{FAE04EC0-301F-11D3-BF4B-00C04F79EFBC}") = "DataStructureOperations", "DataStructureOperations\DataStructureOperations.csproj", "{F2251C79-EEA2-4734-BBAD-3D712D2BADAB}"
EndProject
Global
	GlobalSection(SolutionConfigurationPlatforms) = preSolution
		Debug|Any CPU = Debug|Any CPU
		Release|Any CPU = Release|Any CPU
	EndGlobalSection
	GlobalSection(ProjectConfigurationPlatforms) = postSolution
		{D86A35AB-C947-4138-9889-3909F580FE2A}.Debug|Any CPU.ActiveCfg = Debug|Any CPU
		{D86A35AB-C947-4138-9889-3909F580FE2A}.Debug|Any CPU.Build.0 = Debug|Any CPU
		{D86A35AB-C947-4138-9889-3909F580FE2A}.Release|Any CPU.ActiveCfg = Release|Any CPU
		{D86A35AB-C947-4138-9889-3909F580FE2A}.Release|Any CPU.Build.0 = Release|Any CPU
		{737F6033-A8B6-42FC-A761-6FF2EB745A00}.Debug|Any CPU.ActiveCfg = Debug|Any CPU
		{737F6033-A8B6-42FC-A761-6FF2EB745A00}.Debug|Any CPU.Build.0 = Debug|Any CPU
		{737F6033-A8B6-42FC-A761-6FF2EB745A00}.Release|Any CPU.ActiveCfg = Release|Any CPU
		{737F6033-A8B6-42FC-A761-6FF2EB745A00}.Release|Any CPU.Build.0 = Release|Any CPU
		{FDD1CC7B-252F-4905-AB37-C6B89C9715E2}.Debug|Any CPU.ActiveCfg = Debug|Any CPU
		{FDD1CC7B-252F-4905-AB37-C6B89C9715E2}.Debug|Any CPU.Build.0 = Debug|Any CPU
		{FDD1CC7B-252F-4905-AB37-C6B89C9715E2}.Release|Any CPU.ActiveCfg = Release|Any CPU
		{FDD1CC7B-252F-4905-AB37-C6B89C9715E2}.Release|Any CPU.Build.0 = Release|Any CPU
		{F2251C79-EEA2-4734-BBAD-3D712D2BADAB}.Debug|Any CPU.ActiveCfg = Debug|Any CPU
		{F2251C79-EEA2-4734-BBAD-3D712D2BADAB}.Debug|Any CPU.Build.0 = Debug|Any CPU
		{F2251C79-EEA2-4734-BBAD-3D712D2BADAB}.Release|Any CPU.ActiveCfg = Release|Any CPU
		{F2251C79-EEA2-4734-BBAD-3D712D2BADAB}.Release|Any CPU.Build.0 = Release|Any CPU
	EndGlobalSection
	GlobalSection(SolutionProperties) = preSolution
		HideSolutionNode = FALSE
	EndGlobalSection
EndGlobal
